
Microsoft Visual Studio Solution File, Format Version 12.00
# Visual Studio Version 17
VisualStudioVersion = 17.3.32825.248
MinimumVisualStudioVersion = 10.0.40219.1
Project("{FAE04EC0-301F-11D3-BF4B-00C04F79EFBC}") = "CompMath-Lab5", "CompMath-Lab5\CompMath-Lab5.csproj", "{20E02459-C1E6-461A-9B35-DCB93593542B}"
EndProject
Global
	GlobalSection(SolutionConfigurationPlatforms) = preSolution
		Debug|Any CPU = Debug|Any CPU
		Release|Any CPU = Release|Any CPU
	EndGlobalSection
	GlobalSection(ProjectConfigurationPlatforms) = postSolution
		{20E02459-C1E6-461A-9B35-DCB93593542B}.Debug|Any CPU.ActiveCfg = Debug|Any CPU
		{20E02459-C1E6-461A-9B35-DCB93593542B}.Debug|Any CPU.Build.0 = Debug|Any CPU
		{20E02459-C1E6-461A-9B35-DCB93593542B}.Release|Any CPU.ActiveCfg = Release|Any CPU
		{20E02459-C1E6-461A-9B35-DCB93593542B}.Release|Any CPU.Build.0 = Release|Any CPU
	EndGlobalSection
	GlobalSection(SolutionProperties) = preSolution
		HideSolutionNode = FALSE
	EndGlobalSection
	GlobalSection(ExtensibilityGlobals) = postSolution
		SolutionGuid = {B205D261-55B8-4A0F-99B2-7F03C12ED23A}
	EndGlobalSection
EndGlobal
